
Microsoft Visual Studio Solution File, Format Version 12.00
# Visual Studio Version 16
VisualStudioVersion = 16.0.31019.35
MinimumVisualStudioVersion = 10.0.40219.1
Project("{FAE04EC0-301F-11D3-BF4B-00C04F79EFBC}") = "Bubblesort", "Bubblesort\Bubblesort.csproj", "{D467544C-FEA5-4013-8494-5D1354634EE2}"
EndProject
Global
	GlobalSection(SolutionConfigurationPlatforms) = preSolution
		Debug|Any CPU = Debug|Any CPU
		Release|Any CPU = Release|Any CPU
	EndGlobalSection
	GlobalSection(ProjectConfigurationPlatforms) = postSolution
		{D467544C-FEA5-4013-8494-5D1354634EE2}.Debug|Any CPU.ActiveCfg = Debug|Any CPU
		{D467544C-FEA5-4013-8494-5D1354634EE2}.Debug|Any CPU.Build.0 = Debug|Any CPU
		{D467544C-FEA5-4013-8494-5D1354634EE2}.Release|Any CPU.ActiveCfg = Release|Any CPU
		{D467544C-FEA5-4013-8494-5D1354634EE2}.Release|Any CPU.Build.0 = Release|Any CPU
	EndGlobalSection
	GlobalSection(SolutionProperties) = preSolution
		HideSolutionNode = FALSE
	EndGlobalSection
	GlobalSection(ExtensibilityGlobals) = postSolution
		SolutionGuid = {3BCECD68-C0DE-499F-ABC1-6CC3EE816C47}
	EndGlobalSection
EndGlobal
